// !$*UTF8*$!
{
	archiveVersion = 1;
	classes = {
	};
	objectVersion = 50;
	objects = {

/* Begin PBXBuildFile section */
		A59E82A0237FEAF00014C03D /* AppDelegate.swift in Sources */ = {isa = PBXBuildFile; fileRef = A59E829F237FEAF00014C03D /* AppDelegate.swift */; };
		A59E82A2237FEAF00014C03D /* SceneDelegate.swift in Sources */ = {isa = PBXBuildFile; fileRef = A59E82A1237FEAF00014C03D /* SceneDelegate.swift */; };
		A59E82A4237FEAF00014C03D /* ViewController.swift in Sources */ = {isa = PBXBuildFile; fileRef = A59E82A3237FEAF00014C03D /* ViewController.swift */; };
		A59E82A7237FEAF00014C03D /* Main.storyboard in Resources */ = {isa = PBXBuildFile; fileRef = A59E82A5237FEAF00014C03D /* Main.storyboard */; };
		A59E82A9237FEAF20014C03D /* Assets.xcassets in Resources */ = {isa = PBXBuildFile; fileRef = A59E82A8237FEAF20014C03D /* Assets.xcassets */; };
		A59E82AC237FEAF20014C03D /* LaunchScreen.storyboard in Resources */ = {isa = PBXBuildFile; fileRef = A59E82AA237FEAF20014C03D /* LaunchScreen.storyboard */; };
		A59E82B7237FEAF20014C03D /* ParstagramTests.swift in Sources */ = {isa = PBXBuildFile; fileRef = A59E82B6237FEAF20014C03D /* ParstagramTests.swift */; };
		A59E82C2237FEAF20014C03D /* ParstagramUITests.swift in Sources */ = {isa = PBXBuildFile; fileRef = A59E82C1237FEAF20014C03D /* ParstagramUITests.swift */; };
/* End PBXBuildFile section */

/* Begin PBXContainerItemProxy section */
		A59E82B3237FEAF20014C03D /* PBXContainerItemProxy */ = {
			isa = PBXContainerItemProxy;
			containerPortal = A59E8294237FEAF00014C03D /* Project object */;
			proxyType = 1;
			remoteGlobalIDString = A59E829B237FEAF00014C03D;
			remoteInfo = Parstagram;
		};
		A59E82BE237FEAF20014C03D /* PBXContainerItemProxy */ = {
			isa = PBXContainerItemProxy;
			containerPortal = A59E8294237FEAF00014C03D /* Project object */;
			proxyType = 1;
			remoteGlobalIDString = A59E829B237FEAF00014C03D;
			remoteInfo = Parstagram;
		};
/* End PBXContainerItemProxy section */

/* Begin PBXFileReference section */
		A59E829C237FEAF00014C03D /* Parstagram.app */ = {isa = PBXFileReference; explicitFileType = wrapper.application; includeInIndex = 0; path = Parstagram.app; sourceTree = BUILT_PRODUCTS_DIR; };
		A59E829F237FEAF00014C03D /* AppDelegate.swift */ = {isa = PBXFileReference; lastKnownFileType = sourcecode.swift; path = AppDelegate.swift; sourceTree = "<group>"; };
		A59E82A1237FEAF00014C03D /* SceneDelegate.swift */ = {isa = PBXFileReference; lastKnownFileType = sourcecode.swift; path = SceneDelegate.swift; sourceTree = "<group>"; };
		A59E82A3237FEAF00014C03D /* ViewController.swift */ = {isa = PBXFileReference; lastKnownFileType = sourcecode.swift; path = ViewController.swift; sourceTree = "<group>"; };
		A59E82A6237FEAF00014C03D /* Base */ = {isa = PBXFileReference; lastKnownFileType = file.storyboard; name = Base; path = Base.lproj/Main.storyboard; sourceTree = "<group>"; };
		A59E82A8237FEAF20014C03D /* Assets.xcassets */ = {isa = PBXFileReference; lastKnownFileType = folder.assetcatalog; path = Assets.xcassets; sourceTree = "<group>"; };
		A59E82AB237FEAF20014C03D /* Base */ = {isa = PBXFileReference; lastKnownFileType = file.storyboard; name = Base; path = Base.lproj/LaunchScreen.storyboard; sourceTree = "<group>"; };
		A59E82AD237FEAF20014C03D /* Info.plist */ = {isa = PBXFileReference; lastKnownFileType = text.plist.xml; path = Info.plist; sourceTree = "<group>"; };
		A59E82B2237FEAF20014C03D /* ParstagramTests.xctest */ = {isa = PBXFileReference; explicitFileType = wrapper.cfbundle; includeInIndex = 0; path = ParstagramTests.xctest; sourceTree = BUILT_PRODUCTS_DIR; };
		A59E82B6237FEAF20014C03D /* ParstagramTests.swift */ = {isa = PBXFileReference; lastKnownFileType = sourcecode.swift; path = ParstagramTests.swift; sourceTree = "<group>"; };
		A59E82B8237FEAF20014C03D /* Info.plist */ = {isa = PBXFileReference; lastKnownFileType = text.plist.xml; path = Info.plist; sourceTree = "<group>"; };
		A59E82BD237FEAF20014C03D /* ParstagramUITests.xctest */ = {isa = PBXFileReference; explicitFileType = wrapper.cfbundle; includeInIndex = 0; path = ParstagramUITests.xctest; sourceTree = BUILT_PRODUCTS_DIR; };
		A59E82C1237FEAF20014C03D /* ParstagramUITests.swift */ = {isa = PBXFileReference; lastKnownFileType = sourcecode.swift; path = ParstagramUITests.swift; sourceTree = "<group>"; };
		A59E82C3237FEAF20014C03D /* Info.plist */ = {isa = PBXFileReference; lastKnownFileType = text.plist.xml; path = Info.plist; sourceTree = "<group>"; };
/* End PBXFileReference section */

/* Begin PBXFrameworksBuildPhase section */
		A59E8299237FEAF00014C03D /* Frameworks */ = {
			isa = PBXFrameworksBuildPhase;
			buildActionMask = 2147483647;
			files = (
			);
			runOnlyForDeploymentPostprocessing = 0;
		};
		A59E82AF237FEAF20014C03D /* Frameworks */ = {
			isa = PBXFrameworksBuildPhase;
			buildActionMask = 2147483647;
			files = (
			);
			runOnlyForDeploymentPostprocessing = 0;
		};
		A59E82BA237FEAF20014C03D /* Frameworks */ = {
			isa = PBXFrameworksBuildPhase;
			buildActionMask = 2147483647;
			files = (
			);
			runOnlyForDeploymentPostprocessing = 0;
		};
/* End PBXFrameworksBuildPhase section */

/* Begin PBXGroup section */
		A59E8293237FEAF00014C03D = {
			isa = PBXGroup;
			children = (
				A59E829E237FEAF00014C03D /* Parstagram */,
				A59E82B5237FEAF20014C03D /* ParstagramTests */,
				A59E82C0237FEAF20014C03D /* ParstagramUITests */,
				A59E829D237FEAF00014C03D /* Products */,
			);
			sourceTree = "<group>";
		};
		A59E829D237FEAF00014C03D /* Products */ = {
			isa = PBXGroup;
			children = (
				A59E829C237FEAF00014C03D /* Parstagram.app */,
				A59E82B2237FEAF20014C03D /* ParstagramTests.xctest */,
				A59E82BD237FEAF20014C03D /* ParstagramUITests.xctest */,
			);
			name = Products;
			sourceTree = "<group>";
		};
		A59E829E237FEAF00014C03D /* Parstagram */ = {
			isa = PBXGroup;
			children = (
				A59E829F237FEAF00014C03D /* AppDelegate.swift */,
				A59E82A1237FEAF00014C03D /* SceneDelegate.swift */,
				A59E82A3237FEAF00014C03D /* ViewController.swift */,
				A59E82A5237FEAF00014C03D /* Main.storyboard */,
				A59E82A8237FEAF20014C03D /* Assets.xcassets */,
				A59E82AA237FEAF20014C03D /* LaunchScreen.storyboard */,
				A59E82AD237FEAF20014C03D /* Info.plist */,
			);
			path = Parstagram;
			sourceTree = "<group>";
		};
		A59E82B5237FEAF20014C03D /* ParstagramTests */ = {
			isa = PBXGroup;
			children = (
				A59E82B6237FEAF20014C03D /* ParstagramTests.swift */,
				A59E82B8237FEAF20014C03D /* Info.plist */,
			);
			path = ParstagramTests;
			sourceTree = "<group>";
		};
		A59E82C0237FEAF20014C03D /* ParstagramUITests */ = {
			isa = PBXGroup;
			children = (
				A59E82C1237FEAF20014C03D /* ParstagramUITests.swift */,
				A59E82C3237FEAF20014C03D /* Info.plist */,
			);
			path = ParstagramUITests;
			sourceTree = "<group>";
		};
/* End PBXGroup section */

/* Begin PBXNativeTarget section */
		A59E829B237FEAF00014C03D /* Parstagram */ = {
			isa = PBXNativeTarget;
			buildConfigurationList = A59E82C6237FEAF20014C03D /* Build configuration list for PBXNativeTarget "Parstagram" */;
			buildPhases = (
				A59E8298237FEAF00014C03D /* Sources */,
				A59E8299237FEAF00014C03D /* Frameworks */,
				A59E829A237FEAF00014C03D /* Resources */,
			);
			buildRules = (
			);
			dependencies = (
			);
			name = Parstagram;
			productName = Parstagram;
			productReference = A59E829C237FEAF00014C03D /* Parstagram.app */;
			productType = "com.apple.product-type.application";
		};
		A59E82B1237FEAF20014C03D /* ParstagramTests */ = {
			isa = PBXNativeTarget;
			buildConfigurationList = A59E82C9237FEAF20014C03D /* Build configuration list for PBXNativeTarget "ParstagramTests" */;
			buildPhases = (
				A59E82AE237FEAF20014C03D /* Sources */,
				A59E82AF237FEAF20014C03D /* Frameworks */,
				A59E82B0237FEAF20014C03D /* Resources */,
			);
			buildRules = (
			);
			dependencies = (
				A59E82B4237FEAF20014C03D /* PBXTargetDependency */,
			);
			name = ParstagramTests;
			productName = ParstagramTests;
			productReference = A59E82B2237FEAF20014C03D /* ParstagramTests.xctest */;
			productType = "com.apple.product-type.bundle.unit-test";
		};
		A59E82BC237FEAF20014C03D /* ParstagramUITests */ = {
			isa = PBXNativeTarget;
			buildConfigurationList = A59E82CC237FEAF20014C03D /* Build configuration list for PBXNativeTarget "ParstagramUITests" */;
			buildPhases = (
				A59E82B9237FEAF20014C03D /* Sources */,
				A59E82BA237FEAF20014C03D /* Frameworks */,
				A59E82BB237FEAF20014C03D /* Resources */,
			);
			buildRules = (
			);
			dependencies = (
				A59E82BF237FEAF20014C03D /* PBXTargetDependency */,
			);
			name = ParstagramUITests;
			productName = ParstagramUITests;
			productReference = A59E82BD237FEAF20014C03D /* ParstagramUITests.xctest */;
			productType = "com.apple.product-type.bundle.ui-testing";
		};
/* End PBXNativeTarget section */

/* Begin PBXProject section */
		A59E8294237FEAF00014C03D /* Project object */ = {
			isa = PBXProject;
			attributes = {
				LastSwiftUpdateCheck = 1110;
				LastUpgradeCheck = 1110;
				ORGANIZATIONNAME = Marthe;
				TargetAttributes = {
					A59E829B237FEAF00014C03D = {
						CreatedOnToolsVersion = 11.1;
					};
					A59E82B1237FEAF20014C03D = {
						CreatedOnToolsVersion = 11.1;
						TestTargetID = A59E829B237FEAF00014C03D;
					};
					A59E82BC237FEAF20014C03D = {
						CreatedOnToolsVersion = 11.1;
						TestTargetID = A59E829B237FEAF00014C03D;
					};
				};
			};
			buildConfigurationList = A59E8297237FEAF00014C03D /* Build configuration list for PBXProject "Parstagram" */;
			compatibilityVersion = "Xcode 9.3";
			developmentRegion = en;
			hasScannedForEncodings = 0;
			knownRegions = (
				en,
				Base,
			);
			mainGroup = A59E8293237FEAF00014C03D;
			productRefGroup = A59E829D237FEAF00014C03D /* Products */;
			projectDirPath = "";
			projectRoot = "";
			targets = (
				A59E829B237FEAF00014C03D /* Parstagram */,
				A59E82B1237FEAF20014C03D /* ParstagramTests */,
				A59E82BC237FEAF20014C03D /* ParstagramUITests */,
			);
		};
/* End PBXProject section */

/* Begin PBXResourcesBuildPhase section */
		A59E829A237FEAF00014C03D /* Resources */ = {
			isa = PBXResourcesBuildPhase;
			buildActionMask = 2147483647;
			files = (
				A59E82AC237FEAF20014C03D /* LaunchScreen.storyboard in Resources */,
				A59E82A9237FEAF20014C03D /* Assets.xcassets in Resources */,
				A59E82A7237FEAF00014C03D /* Main.storyboard in Resources */,
			);
			runOnlyForDeploymentPostprocessing = 0;
		};
		A59E82B0237FEAF20014C03D /* Resources */ = {
			isa = PBXResourcesBuildPhase;
			buildActionMask = 2147483647;
			files = (
			);
			runOnlyForDeploymentPostprocessing = 0;
		};
		A59E82BB237FEAF20014C03D /* Resources */ = {
			isa = PBXResourcesBuildPhase;
			buildActionMask = 2147483647;
			files = (
			);
			runOnlyForDeploymentPostprocessing = 0;
		};
/* End PBXResourcesBuildPhase section */

/* Begin PBXSourcesBuildPhase section */
		A59E8298237FEAF00014C03D /* Sources */ = {
			isa = PBXSourcesBuildPhase;
			buildActionMask = 2147483647;
			files = (
				A59E82A4237FEAF00014C03D /* ViewController.swift in Sources */,
				A59E82A0237FEAF00014C03D /* AppDelegate.swift in Sources */,
				A59E82A2237FEAF00014C03D /* SceneDelegate.swift in Sources */,
			);
			runOnlyForDeploymentPostprocessing = 0;
		};
		A59E82AE237FEAF20014C03D /* Sources */ = {
			isa = PBXSourcesBuildPhase;
			buildActionMask = 2147483647;
			files = (
				A59E82B7237FEAF20014C03D /* ParstagramTests.swift in Sources */,
			);
			runOnlyForDeploymentPostprocessing = 0;
		};
		A59E82B9237FEAF20014C03D /* Sources */ = {
			isa = PBXSourcesBuildPhase;
			buildActionMask = 2147483647;
			files = (
				A59E82C2237FEAF20014C03D /* ParstagramUITests.swift in Sources */,
			);
			runOnlyForDeploymentPostprocessing = 0;
		};
/* End PBXSourcesBuildPhase section */

/* Begin PBXTargetDependency section */
		A59E82B4237FEAF20014C03D /* PBXTargetDependency */ = {
			isa = PBXTargetDependency;
			target = A59E829B237FEAF00014C03D /* Parstagram */;
			targetProxy = A59E82B3237FEAF20014C03D /* PBXContainerItemProxy */;
		};
		A59E82BF237FEAF20014C03D /* PBXTargetDependency */ = {
			isa = PBXTargetDependency;
			target = A59E829B237FEAF00014C03D /* Parstagram */;
			targetProxy = A59E82BE237FEAF20014C03D /* PBXContainerItemProxy */;
		};
/* End PBXTargetDependency section */

/* Begin PBXVariantGroup section */
		A59E82A5237FEAF00014C03D /* Main.storyboard */ = {
			isa = PBXVariantGroup;
			children = (
				A59E82A6237FEAF00014C03D /* Base */,
			);
			name = Main.storyboard;
			sourceTree = "<group>";
		};
		A59E82AA237FEAF20014C03D /* LaunchScreen.storyboard */ = {
			isa = PBXVariantGroup;
			children = (
				A59E82AB237FEAF20014C03D /* Base */,
			);
			name = LaunchScreen.storyboard;
			sourceTree = "<group>";
		};
/* End PBXVariantGroup section */

/* Begin XCBuildConfiguration section */
		A59E82C4237FEAF20014C03D /* Debug */ = {
			isa = XCBuildConfiguration;
			buildSettings = {
				ALWAYS_SEARCH_USER_PATHS = NO;
				CLANG_ANALYZER_NONNULL = YES;
				CLANG_ANALYZER_NUMBER_OBJECT_CONVERSION = YES_AGGRESSIVE;
				CLANG_CXX_LANGUAGE_STANDARD = "gnu++14";
				CLANG_CXX_LIBRARY = "libc++";
				CLANG_ENABLE_MODULES = YES;
				CLANG_ENABLE_OBJC_ARC = YES;
				CLANG_ENABLE_OBJC_WEAK = YES;
				CLANG_WARN_BLOCK_CAPTURE_AUTORELEASING = YES;
				CLANG_WARN_BOOL_CONVERSION = YES;
				CLANG_WARN_COMMA = YES;
				CLANG_WARN_CONSTANT_CONVERSION = YES;
				CLANG_WARN_DEPRECATED_OBJC_IMPLEMENTATIONS = YES;
				CLANG_WARN_DIRECT_OBJC_ISA_USAGE = YES_ERROR;
				CLANG_WARN_DOCUMENTATION_COMMENTS = YES;
				CLANG_WARN_EMPTY_BODY = YES;
				CLANG_WARN_ENUM_CONVERSION = YES;
				CLANG_WARN_INFINITE_RECURSION = YES;
				CLANG_WARN_INT_CONVERSION = YES;
				CLANG_WARN_NON_LITERAL_NULL_CONVERSION = YES;
				CLANG_WARN_OBJC_IMPLICIT_RETAIN_SELF = YES;
				CLANG_WARN_OBJC_LITERAL_CONVERSION = YES;
				CLANG_WARN_OBJC_ROOT_CLASS = YES_ERROR;
				CLANG_WARN_RANGE_LOOP_ANALYSIS = YES;
				CLANG_WARN_STRICT_PROTOTYPES = YES;
				CLANG_WARN_SUSPICIOUS_MOVE = YES;
				CLANG_WARN_UNGUARDED_AVAILABILITY = YES_AGGRESSIVE;
				CLANG_WARN_UNREACHABLE_CODE = YES;
				CLANG_WARN__DUPLICATE_METHOD_MATCH = YES;
				COPY_PHASE_STRIP = NO;
				DEBUG_INFORMATION_FORMAT = dwarf;
				ENABLE_STRICT_OBJC_MSGSEND = YES;
				ENABLE_TESTABILITY = YES;
				GCC_C_LANGUAGE_STANDARD = gnu11;
				GCC_DYNAMIC_NO_PIC = NO;
				GCC_NO_COMMON_BLOCKS = YES;
				GCC_OPTIMIZATION_LEVEL = 0;
				GCC_PREPROCESSOR_DEFINITIONS = (
					"DEBUG=1",
					"$(inherited)",
				);
				GCC_WARN_64_TO_32_BIT_CONVERSION = YES;
				GCC_WARN_ABOUT_RETURN_TYPE = YES_ERROR;
				GCC_WARN_UNDECLARED_SELECTOR = YES;
				GCC_WARN_UNINITIALIZED_AUTOS = YES_AGGRESSIVE;
				GCC_WARN_UNUSED_FUNCTION = YES;
				GCC_WARN_UNUSED_VARIABLE = YES;
				IPHONEOS_DEPLOYMENT_TARGET = 13.1;
				MTL_ENABLE_DEBUG_INFO = INCLUDE_SOURCE;
				MTL_FAST_MATH = YES;
				ONLY_ACTIVE_ARCH = YES;
				SDKROOT = iphoneos;
				SWIFT_ACTIVE_COMPILATION_CONDITIONS = DEBUG;
				SWIFT_OPTIMIZATION_LEVEL = "-Onone";
			};
			name = Debug;
		};
		A59E82C5237FEAF20014C03D /* Release */ = {
			isa = XCBuildConfiguration;
			buildSettings = {
				ALWAYS_SEARCH_USER_PATHS = NO;
				CLANG_ANALYZER_NONNULL = YES;
				CLANG_ANALYZER_NUMBER_OBJECT_CONVERSION = YES_AGGRESSIVE;
				CLANG_CXX_LANGUAGE_STANDARD = "gnu++14";
				CLANG_CXX_LIBRARY = "libc++";
				CLANG_ENABLE_MODULES = YES;
				CLANG_ENABLE_OBJC_ARC = YES;
				CLANG_ENABLE_OBJC_WEAK = YES;
				CLANG_WARN_BLOCK_CAPTURE_AUTORELEASING = YES;
				CLANG_WARN_BOOL_CONVERSION = YES;
				CLANG_WARN_COMMA = YES;
				CLANG_WARN_CONSTANT_CONVERSION = YES;
				CLANG_WARN_DEPRECATED_OBJC_IMPLEMENTATIONS = YES;
				CLANG_WARN_DIRECT_OBJC_ISA_USAGE = YES_ERROR;
				CLANG_WARN_DOCUMENTATION_COMMENTS = YES;
				CLANG_WARN_EMPTY_BODY = YES;
				CLANG_WARN_ENUM_CONVERSION = YES;
				CLANG_WARN_INFINITE_RECURSION = YES;
				CLANG_WARN_INT_CONVERSION = YES;
				CLANG_WARN_NON_LITERAL_NULL_CONVERSION = YES;
				CLANG_WARN_OBJC_IMPLICIT_RETAIN_SELF = YES;
				CLANG_WARN_OBJC_LITERAL_CONVERSION = YES;
				CLANG_WARN_OBJC_ROOT_CLASS = YES_ERROR;
				CLANG_WARN_RANGE_LOOP_ANALYSIS = YES;
				CLANG_WARN_STRICT_PROTOTYPES = YES;
				CLANG_WARN_SUSPICIOUS_MOVE = YES;
				CLANG_WARN_UNGUARDED_AVAILABILITY = YES_AGGRESSIVE;
				CLANG_WARN_UNREACHABLE_CODE = YES;
				CLANG_WARN__DUPLICATE_METHOD_MATCH = YES;
				COPY_PHASE_STRIP = NO;
				DEBUG_INFORMATION_FORMAT = "dwarf-with-dsym";
				ENABLE_NS_ASSERTIONS = NO;
				ENABLE_STRICT_OBJC_MSGSEND = YES;
				GCC_C_LANGUAGE_STANDARD = gnu11;
				GCC_NO_COMMON_BLOCKS = YES;
				GCC_WARN_64_TO_32_BIT_CONVERSION = YES;
				GCC_WARN_ABOUT_RETURN_TYPE = YES_ERROR;
				GCC_WARN_UNDECLARED_SELECTOR = YES;
				GCC_WARN_UNINITIALIZED_AUTOS = YES_AGGRESSIVE;
				GCC_WARN_UNUSED_FUNCTION = YES;
				GCC_WARN_UNUSED_VARIABLE = YES;
				IPHONEOS_DEPLOYMENT_TARGET = 13.1;
				MTL_ENABLE_DEBUG_INFO = NO;
				MTL_FAST_MATH = YES;
				SDKROOT = iphoneos;
				SWIFT_COMPILATION_MODE = wholemodule;
				SWIFT_OPTIMIZATION_LEVEL = "-O";
				VALIDATE_PRODUCT = YES;
			};
			name = Release;
		};
		A59E82C7237FEAF20014C03D /* Debug */ = {
			isa = XCBuildConfiguration;
			buildSettings = {
				ASSETCATALOG_COMPILER_APPICON_NAME = AppIcon;
				CODE_SIGN_STYLE = Automatic;
				DEVELOPMENT_TEAM = B52ZXU4A95;
				INFOPLIST_FILE = Parstagram/Info.plist;
				LD_RUNPATH_SEARCH_PATHS = (
					"$(inherited)",
					"@executable_path/Frameworks",
				);
				PRODUCT_BUNDLE_IDENTIFIER = com.codepath.Parstagram;
				PRODUCT_NAME = "$(TARGET_NAME)";
				SWIFT_VERSION = 5.0;
				TARGETED_DEVICE_FAMILY = "1,2";
			};
			name = Debug;
		};
		A59E82C8237FEAF20014C03D /* Release */ = {
			isa = XCBuildConfiguration;
			buildSettings = {
				ASSETCATALOG_COMPILER_APPICON_NAME = AppIcon;
				CODE_SIGN_STYLE = Automatic;
				DEVELOPMENT_TEAM = B52ZXU4A95;
				INFOPLIST_FILE = Parstagram/Info.plist;
				LD_RUNPATH_SEARCH_PATHS = (
					"$(inherited)",
					"@executable_path/Frameworks",
				);
				PRODUCT_BUNDLE_IDENTIFIER = com.codepath.Parstagram;
				PRODUCT_NAME = "$(TARGET_NAME)";
				SWIFT_VERSION = 5.0;
				TARGETED_DEVICE_FAMILY = "1,2";
			};
			name = Release;
		};
		A59E82CA237FEAF20014C03D /* Debug */ = {
			isa = XCBuildConfiguration;
			buildSettings = {
				ALWAYS_EMBED_SWIFT_STANDARD_LIBRARIES = YES;
				BUNDLE_LOADER = "$(TEST_HOST)";
				CODE_SIGN_STYLE = Automatic;
				DEVELOPMENT_TEAM = B52ZXU4A95;
				INFOPLIST_FILE = ParstagramTests/Info.plist;
				IPHONEOS_DEPLOYMENT_TARGET = 13.1;
				LD_RUNPATH_SEARCH_PATHS = (
					"$(inherited)",
					"@executable_path/Frameworks",
					"@loader_path/Frameworks",
				);
				PRODUCT_BUNDLE_IDENTIFIER = com.codepath.ParstagramTests;
				PRODUCT_NAME = "$(TARGET_NAME)";
				SWIFT_VERSION = 5.0;
				TARGETED_DEVICE_FAMILY = "1,2";
				TEST_HOST = "$(BUILT_PRODUCTS_DIR)/Parstagram.app/Parstagram";
			};
			name = Debug;
		};
		A59E82CB237FEAF20014C03D /* Release */ = {
			isa = XCBuildConfiguration;
			buildSettings = {
				ALWAYS_EMBED_SWIFT_STANDARD_LIBRARIES = YES;
				BUNDLE_LOADER = "$(TEST_HOST)";
				CODE_SIGN_STYLE = Automatic;
				DEVELOPMENT_TEAM = B52ZXU4A95;
				INFOPLIST_FILE = ParstagramTests/Info.plist;
				IPHONEOS_DEPLOYMENT_TARGET = 13.1;
				LD_RUNPATH_SEARCH_PATHS = (
					"$(inherited)",
					"@executable_path/Frameworks",
					"@loader_path/Frameworks",
				);
				PRODUCT_BUNDLE_IDENTIFIER = com.codepath.ParstagramTests;
				PRODUCT_NAME = "$(TARGET_NAME)";
				SWIFT_VERSION = 5.0;
				TARGETED_DEVICE_FAMILY = "1,2";
				TEST_HOST = "$(BUILT_PRODUCTS_DIR)/Parstagram.app/Parstagram";
			};
			name = Release;
		};
		A59E82CD237FEAF20014C03D /* Debug */ = {
			isa = XCBuildConfiguration;
			buildSettings = {
				ALWAYS_EMBED_SWIFT_STANDARD_LIBRARIES = YES;
				CODE_SIGN_STYLE = Automatic;
				DEVELOPMENT_TEAM = B52ZXU4A95;
				INFOPLIST_FILE = ParstagramUITests/Info.plist;
				LD_RUNPATH_SEARCH_PATHS = (
					"$(inherited)",
					"@executable_path/Frameworks",
					"@loader_path/Frameworks",
				);
				PRODUCT_BUNDLE_IDENTIFIER = com.codepath.ParstagramUITests;
				PRODUCT_NAME = "$(TARGET_NAME)";
				SWIFT_VERSION = 5.0;
				TARGETED_DEVICE_FAMILY = "1,2";
				TEST_TARGET_NAME = Parstagram;
			};
			name = Debug;
		};
		A59E82CE237FEAF20014C03D /* Release */ = {
			isa = XCBuildConfiguration;
			buildSettings = {
				ALWAYS_EMBED_SWIFT_STANDARD_LIBRARIES = YES;
				CODE_SIGN_STYLE = Automatic;
				DEVELOPMENT_TEAM = B52ZXU4A95;
				INFOPLIST_FILE = ParstagramUITests/Info.plist;
				LD_RUNPATH_SEARCH_PATHS = (
					"$(inherited)",
					"@executable_path/Frameworks",
					"@loader_path/Frameworks",
				);
				PRODUCT_BUNDLE_IDENTIFIER = com.codepath.ParstagramUITests;
				PRODUCT_NAME = "$(TARGET_NAME)";
				SWIFT_VERSION = 5.0;
				TARGETED_DEVICE_FAMILY = "1,2";
				TEST_TARGET_NAME = Parstagram;
			};
			name = Release;
		};
/* End XCBuildConfiguration section */

/* Begin XCConfigurationList section */
		A59E8297237FEAF00014C03D /* Build configuration list for PBXProject "Parstagram" */ = {
			isa = XCConfigurationList;
			buildConfigurations = (
				A59E82C4237FEAF20014C03D /* Debug */,
				A59E82C5237FEAF20014C03D /* Release */,
			);
			defaultConfigurationIsVisible = 0;
			defaultConfigurationName = Release;
		};
		A59E82C6237FEAF20014C03D /* Build configuration list for PBXNativeTarget "Parstagram" */ = {
			isa = XCConfigurationList;
			buildConfigurations = (
				A59E82C7237FEAF20014C03D /* Debug */,
				A59E82C8237FEAF20014C03D /* Release */,
			);
			defaultConfigurationIsVisible = 0;
			defaultConfigurationName = Release;
		};
		A59E82C9237FEAF20014C03D /* Build configuration list for PBXNativeTarget "ParstagramTests" */ = {
			isa = XCConfigurationList;
			buildConfigurations = (
				A59E82CA237FEAF20014C03D /* Debug */,
				A59E82CB237FEAF20014C03D /* Release */,
			);
			defaultConfigurationIsVisible = 0;
			defaultConfigurationName = Release;
		};
		A59E82CC237FEAF20014C03D /* Build configuration list for PBXNativeTarget "ParstagramUITests" */ = {
			isa = XCConfigurationList;
			buildConfigurations = (
				A59E82CD237FEAF20014C03D /* Debug */,
				A59E82CE237FEAF20014C03D /* Release */,
			);
			defaultConfigurationIsVisible = 0;
			defaultConfigurationName = Release;
		};
/* End XCConfigurationList section */
	};
	rootObject = A59E8294237FEAF00014C03D /* Project object */;
}
